
Microsoft Visual Studio Solution File, Format Version 12.00
# Visual Studio Version 17
VisualStudioVersion = 17.5.33502.453
MinimumVisualStudioVersion = 10.0.40219.1
Project("{FAE04EC0-301F-11D3-BF4B-00C04F79EFBC}") = "IdentityDiscussion", "IdentityDiscussion\IdentityDiscussion.csproj", "{D5E66365-CA53-49C3-B89A-36F1C7D16C0C}"
EndProject
Global
	GlobalSection(SolutionConfigurationPlatforms) = preSolution
		Debug|Any CPU = Debug|Any CPU
		Release|Any CPU = Release|Any CPU
	EndGlobalSection
	GlobalSection(ProjectConfigurationPlatforms) = postSolution
		{D5E66365-CA53-49C3-B89A-36F1C7D16C0C}.Debug|Any CPU.ActiveCfg = Debug|Any CPU
		{D5E66365-CA53-49C3-B89A-36F1C7D16C0C}.Debug|Any CPU.Build.0 = Debug|Any CPU
		{D5E66365-CA53-49C3-B89A-36F1C7D16C0C}.Release|Any CPU.ActiveCfg = Release|Any CPU
		{D5E66365-CA53-49C3-B89A-36F1C7D16C0C}.Release|Any CPU.Build.0 = Release|Any CPU
	EndGlobalSection
	GlobalSection(SolutionProperties) = preSolution
		HideSolutionNode = FALSE
	EndGlobalSection
	GlobalSection(ExtensibilityGlobals) = postSolution
		SolutionGuid = {C90E9206-DDB0-4C16-BF80-E1E0E95FF5E9}
	EndGlobalSection
EndGlobal
